
Microsoft Visual Studio Solution File, Format Version 12.00
# Visual Studio Version 16
VisualStudioVersion = 16.0.29613.14
MinimumVisualStudioVersion = 10.0.40219.1
Project("{FAE04EC0-301F-11D3-BF4B-00C04F79EFBC}") = "ybgLibrary", "ybgLibrary\ybgLibrary.csproj", "{45F83B5D-8062-4891-83BB-8C28AD1523E7}"
EndProject
Project("{FAE04EC0-301F-11D3-BF4B-00C04F79EFBC}") = "ybgMain", "ybgMain\ybgMain.csproj", "{037210C7-E64C-45EF-B9B3-5AEE45958FD1}"
EndProject
Project("{FAE04EC0-301F-11D3-BF4B-00C04F79EFBC}") = "ybgSub001", "ybgSub001\ybgSub001.csproj", "{301F15B6-BF1A-4867-B07F-6875F72193E9}"
EndProject
Project("{FAE04EC0-301F-11D3-BF4B-00C04F79EFBC}") = "ybgSub002", "ybgSub002\ybgSub002.csproj", "{24F7F012-F0C1-466A-9A94-183D2C53760D}"
EndProject
Project("{FAE04EC0-301F-11D3-BF4B-00C04F79EFBC}") = "ybgSub003", "ybgSub003\ybgSub003.csproj", "{7A36CBBA-0CE6-4AC4-87C2-22E4BF0F0038}"
EndProject
Project("{FAE04EC0-301F-11D3-BF4B-00C04F79EFBC}") = "ybgSub004", "ybgSub004\ybgSub004.csproj", "{91D87366-77D7-492D-975D-7504D76020C2}"
EndProject
Project("{FAE04EC0-301F-11D3-BF4B-00C04F79EFBC}") = "ybgSub005", "ybgSub005\ybgSub005.csproj", "{F71E0C73-35F6-484C-907D-DB91C4920498}"
EndProject
Project("{FAE04EC0-301F-11D3-BF4B-00C04F79EFBC}") = "ybgSub006", "ybgSub006\ybgSub006.csproj", "{9028704A-42DD-48C0-AFFA-9031D1261616}"
EndProject
Project("{FAE04EC0-301F-11D3-BF4B-00C04F79EFBC}") = "ybgSub007", "ybgSub007\ybgSub007.csproj", "{CB587862-4C3A-465B-8864-C0510E69E5DE}"
EndProject
Project("{FAE04EC0-301F-11D3-BF4B-00C04F79EFBC}") = "ybgSub008", "ybgSub008\ybgSub008.csproj", "{B853F767-65DE-41BF-8C43-1A1B558AC8C4}"
EndProject
Project("{FAE04EC0-301F-11D3-BF4B-00C04F79EFBC}") = "ybgSub009", "ybgSub009\ybgSub009.csproj", "{7E60007B-2993-4C67-915D-92C6DE169F80}"
EndProject
Project("{FAE04EC0-301F-11D3-BF4B-00C04F79EFBC}") = "ybgSub010", "ybgSub010\ybgSub010.csproj", "{33F8391D-28E8-4572-BFB2-1A2E01384A81}"
EndProject
Project("{FAE04EC0-301F-11D3-BF4B-00C04F79EFBC}") = "ybgSub011", "ybgSub011\ybgSub011.csproj", "{4211F3D6-5F1E-4DE4-80FC-31BEAC3F8985}"
EndProject
Project("{FAE04EC0-301F-11D3-BF4B-00C04F79EFBC}") = "ybgSub012", "ybgSub012\ybgSub012.csproj", "{4C37A7EF-63D8-4532-A082-9E158837837B}"
EndProject
Project("{FAE04EC0-301F-11D3-BF4B-00C04F79EFBC}") = "ybgSub013", "ybgSub013\ybgSub013.csproj", "{B59F5693-B8F2-4D43-9EB0-7144EC1609AB}"
EndProject
Project("{FAE04EC0-301F-11D3-BF4B-00C04F79EFBC}") = "ybgSub014", "ybgSub014\ybgSub014.csproj", "{07A9E9D8-0FE8-4CAC-8B02-253294B31E71}"
EndProject
Project("{FAE04EC0-301F-11D3-BF4B-00C04F79EFBC}") = "ybgSub015", "ybgSub015\ybgSub015.csproj", "{BFA3D64B-8A0C-4CA1-BC49-01775DC9BA24}"
EndProject
Project("{FAE04EC0-301F-11D3-BF4B-00C04F79EFBC}") = "ybgSub022", "ybgSub022\ybgSub022.csproj", "{A3098040-260F-4654-80CD-DA606AA7A8CD}"
EndProject
Project("{FAE04EC0-301F-11D3-BF4B-00C04F79EFBC}") = "ybgSub024", "ybgSub024\ybgSub024.csproj", "{51E8A1D2-9754-490B-B526-7D773A06863B}"
EndProject
Project("{FAE04EC0-301F-11D3-BF4B-00C04F79EFBC}") = "ybgSub025", "ybgSub025\ybgSub025.csproj", "{55CA58BA-1877-4085-9D4E-C024BABA919C}"
EndProject
Project("{FAE04EC0-301F-11D3-BF4B-00C04F79EFBC}") = "ybgSub023", "ybgSub023\ybgSub023.csproj", "{9AC29715-49D4-42BE-9B98-0CF7DFF680A6}"
EndProject
Project("{FAE04EC0-301F-11D3-BF4B-00C04F79EFBC}") = "ybgSub026", "ybgSub026\ybgSub026.csproj", "{0E5A15DD-5B63-40C6-AC4A-821A17F06018}"
EndProject
Project("{FAE04EC0-301F-11D3-BF4B-00C04F79EFBC}") = "ybgSub027", "ybgSub027\ybgSub027.csproj", "{51C3A044-1A04-4291-84AD-DCDE7183E888}"
EndProject
Project("{FAE04EC0-301F-11D3-BF4B-00C04F79EFBC}") = "ybgSub028", "ybgSub028\ybgSub028.csproj", "{5DD4DDA3-EDBF-4DA4-AE28-33ECDE0D0A82}"
EndProject
Project("{FAE04EC0-301F-11D3-BF4B-00C04F79EFBC}") = "ybgSub029", "ybgSub029\ybgSub029.csproj", "{1F4A5BE3-CE91-47A5-854C-14FA30BD0F5D}"
EndProject
Project("{FAE04EC0-301F-11D3-BF4B-00C04F79EFBC}") = "ybgSub030", "ybgSub030\ybgSub030.csproj", "{41019820-0067-4580-9477-1D74C9988307}"
EndProject
Project("{FAE04EC0-301F-11D3-BF4B-00C04F79EFBC}") = "ybgSub016", "ybgSub016\ybgSub016.csproj", "{C50BAFD5-6702-4B90-8927-F1A76F45C62B}"
EndProject
Project("{FAE04EC0-301F-11D3-BF4B-00C04F79EFBC}") = "ybgSub017", "ybgSub017\ybgSub017.csproj", "{5CE2DD4E-3F64-4435-81DA-95D69A19DF5D}"
EndProject
Project("{FAE04EC0-301F-11D3-BF4B-00C04F79EFBC}") = "ybgSub018", "ybgSub018\ybgSub018.csproj", "{9E55425C-25AF-485A-9CF7-77737D9DE0E9}"
EndProject
Project("{FAE04EC0-301F-11D3-BF4B-00C04F79EFBC}") = "ybgSub019", "ybgSub019\ybgSub019.csproj", "{1DFB3AB4-349D-44BC-91EC-45F5E3BB48C0}"
EndProject
Project("{FAE04EC0-301F-11D3-BF4B-00C04F79EFBC}") = "ybgSub020", "ybgSub020\ybgSub020.csproj", "{0189C3CF-A7FD-416E-B3EE-02DB6319D514}"
EndProject
Project("{FAE04EC0-301F-11D3-BF4B-00C04F79EFBC}") = "ybgSub021", "ybgSub021\ybgSub021.csproj", "{BA153E57-D0D8-40EF-A04A-84D26F0444B4}"
EndProject
Global
	GlobalSection(SolutionConfigurationPlatforms) = preSolution
		Debug|Any CPU = Debug|Any CPU
		Release|Any CPU = Release|Any CPU
	EndGlobalSection
	GlobalSection(ProjectConfigurationPlatforms) = postSolution
		{45F83B5D-8062-4891-83BB-8C28AD1523E7}.Debug|Any CPU.ActiveCfg = Debug|Any CPU
		{45F83B5D-8062-4891-83BB-8C28AD1523E7}.Debug|Any CPU.Build.0 = Debug|Any CPU
		{45F83B5D-8062-4891-83BB-8C28AD1523E7}.Release|Any CPU.ActiveCfg = Release|Any CPU
		{45F83B5D-8062-4891-83BB-8C28AD1523E7}.Release|Any CPU.Build.0 = Release|Any CPU
		{037210C7-E64C-45EF-B9B3-5AEE45958FD1}.Debug|Any CPU.ActiveCfg = Debug|Any CPU
		{037210C7-E64C-45EF-B9B3-5AEE45958FD1}.Debug|Any CPU.Build.0 = Debug|Any CPU
		{037210C7-E64C-45EF-B9B3-5AEE45958FD1}.Release|Any CPU.ActiveCfg = Release|Any CPU
		{037210C7-E64C-45EF-B9B3-5AEE45958FD1}.Release|Any CPU.Build.0 = Release|Any CPU
		{301F15B6-BF1A-4867-B07F-6875F72193E9}.Debug|Any CPU.ActiveCfg = Debug|Any CPU
		{301F15B6-BF1A-4867-B07F-6875F72193E9}.Debug|Any CPU.Build.0 = Debug|Any CPU
		{301F15B6-BF1A-4867-B07F-6875F72193E9}.Release|Any CPU.ActiveCfg = Release|Any CPU
		{301F15B6-BF1A-4867-B07F-6875F72193E9}.Release|Any CPU.Build.0 = Release|Any CPU
		{24F7F012-F0C1-466A-9A94-183D2C53760D}.Debug|Any CPU.ActiveCfg = Debug|Any CPU
		{24F7F012-F0C1-466A-9A94-183D2C53760D}.Debug|Any CPU.Build.0 = Debug|Any CPU
		{24F7F012-F0C1-466A-9A94-183D2C53760D}.Release|Any CPU.ActiveCfg = Release|Any CPU
		{24F7F012-F0C1-466A-9A94-183D2C53760D}.Release|Any CPU.Build.0 = Release|Any CPU
		{7A36CBBA-0CE6-4AC4-87C2-22E4BF0F0038}.Debug|Any CPU.ActiveCfg = Debug|Any CPU
		{7A36CBBA-0CE6-4AC4-87C2-22E4BF0F0038}.Debug|Any CPU.Build.0 = Debug|Any CPU
		{7A36CBBA-0CE6-4AC4-87C2-22E4BF0F0038}.Release|Any CPU.ActiveCfg = Release|Any CPU
		{7A36CBBA-0CE6-4AC4-87C2-22E4BF0F0038}.Release|Any CPU.Build.0 = Release|Any CPU
		{91D87366-77D7-492D-975D-7504D76020C2}.Debug|Any CPU.ActiveCfg = Debug|Any CPU
		{91D87366-77D7-492D-975D-7504D76020C2}.Debug|Any CPU.Build.0 = Debug|Any CPU
		{91D87366-77D7-492D-975D-7504D76020C2}.Release|Any CPU.ActiveCfg = Release|Any CPU
		{91D87366-77D7-492D-975D-7504D76020C2}.Release|Any CPU.Build.0 = Release|Any CPU
		{F71E0C73-35F6-484C-907D-DB91C4920498}.Debug|Any CPU.ActiveCfg = Debug|Any CPU
		{F71E0C73-35F6-484C-907D-DB91C4920498}.Debug|Any CPU.Build.0 = Debug|Any CPU
		{F71E0C73-35F6-484C-907D-DB91C4920498}.Release|Any CPU.ActiveCfg = Release|Any CPU
		{F71E0C73-35F6-484C-907D-DB91C4920498}.Release|Any CPU.Build.0 = Release|Any CPU
		{9028704A-42DD-48C0-AFFA-9031D1261616}.Debug|Any CPU.ActiveCfg = Debug|Any CPU
		{9028704A-42DD-48C0-AFFA-9031D1261616}.Debug|Any CPU.Build.0 = Debug|Any CPU
		{9028704A-42DD-48C0-AFFA-9031D1261616}.Release|Any CPU.ActiveCfg = Release|Any CPU
		{9028704A-42DD-48C0-AFFA-9031D1261616}.Release|Any CPU.Build.0 = Release|Any CPU
		{CB587862-4C3A-465B-8864-C0510E69E5DE}.Debug|Any CPU.ActiveCfg = Debug|Any CPU
		{CB587862-4C3A-465B-8864-C0510E69E5DE}.Debug|Any CPU.Build.0 = Debug|Any CPU
		{CB587862-4C3A-465B-8864-C0510E69E5DE}.Release|Any CPU.ActiveCfg = Release|Any CPU
		{CB587862-4C3A-465B-8864-C0510E69E5DE}.Release|Any CPU.Build.0 = Release|Any CPU
		{B853F767-65DE-41BF-8C43-1A1B558AC8C4}.Debug|Any CPU.ActiveCfg = Debug|Any CPU
		{B853F767-65DE-41BF-8C43-1A1B558AC8C4}.Debug|Any CPU.Build.0 = Debug|Any CPU
		{B853F767-65DE-41BF-8C43-1A1B558AC8C4}.Release|Any CPU.ActiveCfg = Release|Any CPU
		{B853F767-65DE-41BF-8C43-1A1B558AC8C4}.Release|Any CPU.Build.0 = Release|Any CPU
		{7E60007B-2993-4C67-915D-92C6DE169F80}.Debug|Any CPU.ActiveCfg = Debug|Any CPU
		{7E60007B-2993-4C67-915D-92C6DE169F80}.Debug|Any CPU.Build.0 = Debug|Any CPU
		{7E60007B-2993-4C67-915D-92C6DE169F80}.Release|Any CPU.ActiveCfg = Release|Any CPU
		{7E60007B-2993-4C67-915D-92C6DE169F80}.Release|Any CPU.Build.0 = Release|Any CPU
		{33F8391D-28E8-4572-BFB2-1A2E01384A81}.Debug|Any CPU.ActiveCfg = Debug|Any CPU
		{33F8391D-28E8-4572-BFB2-1A2E01384A81}.Debug|Any CPU.Build.0 = Debug|Any CPU
		{33F8391D-28E8-4572-BFB2-1A2E01384A81}.Release|Any CPU.ActiveCfg = Release|Any CPU
		{33F8391D-28E8-4572-BFB2-1A2E01384A81}.Release|Any CPU.Build.0 = Release|Any CPU
		{4211F3D6-5F1E-4DE4-80FC-31BEAC3F8985}.Debug|Any CPU.ActiveCfg = Debug|Any CPU
		{4211F3D6-5F1E-4DE4-80FC-31BEAC3F8985}.Debug|Any CPU.Build.0 = Debug|Any CPU
		{4211F3D6-5F1E-4DE4-80FC-31BEAC3F8985}.Release|Any CPU.ActiveCfg = Release|Any CPU
		{4211F3D6-5F1E-4DE4-80FC-31BEAC3F8985}.Release|Any CPU.Build.0 = Release|Any CPU
		{4C37A7EF-63D8-4532-A082-9E158837837B}.Debug|Any CPU.ActiveCfg = Debug|Any CPU
		{4C37A7EF-63D8-4532-A082-9E158837837B}.Debug|Any CPU.Build.0 = Debug|Any CPU
		{4C37A7EF-63D8-4532-A082-9E158837837B}.Release|Any CPU.ActiveCfg = Release|Any CPU
		{4C37A7EF-63D8-4532-A082-9E158837837B}.Release|Any CPU.Build.0 = Release|Any CPU
		{B59F5693-B8F2-4D43-9EB0-7144EC1609AB}.Debug|Any CPU.ActiveCfg = Debug|Any CPU
		{B59F5693-B8F2-4D43-9EB0-7144EC1609AB}.Debug|Any CPU.Build.0 = Debug|Any CPU
		{B59F5693-B8F2-4D43-9EB0-7144EC1609AB}.Release|Any CPU.ActiveCfg = Release|Any CPU
		{B59F5693-B8F2-4D43-9EB0-7144EC1609AB}.Release|Any CPU.Build.0 = Release|Any CPU
		{07A9E9D8-0FE8-4CAC-8B02-253294B31E71}.Debug|Any CPU.ActiveCfg = Debug|Any CPU
		{07A9E9D8-0FE8-4CAC-8B02-253294B31E71}.Debug|Any CPU.Build.0 = Debug|Any CPU
		{07A9E9D8-0FE8-4CAC-8B02-253294B31E71}.Release|Any CPU.ActiveCfg = Release|Any CPU
		{07A9E9D8-0FE8-4CAC-8B02-253294B31E71}.Release|Any CPU.Build.0 = Release|Any CPU
		{BFA3D64B-8A0C-4CA1-BC49-01775DC9BA24}.Debug|Any CPU.ActiveCfg = Debug|Any CPU
		{BFA3D64B-8A0C-4CA1-BC49-01775DC9BA24}.Debug|Any CPU.Build.0 = Debug|Any CPU
		{BFA3D64B-8A0C-4CA1-BC49-01775DC9BA24}.Release|Any CPU.ActiveCfg = Release|Any CPU
		{BFA3D64B-8A0C-4CA1-BC49-01775DC9BA24}.Release|Any CPU.Build.0 = Release|Any CPU
		{A3098040-260F-4654-80CD-DA606AA7A8CD}.Debug|Any CPU.ActiveCfg = Debug|Any CPU
		{A3098040-260F-4654-80CD-DA606AA7A8CD}.Debug|Any CPU.Build.0 = Debug|Any CPU
		{A3098040-260F-4654-80CD-DA606AA7A8CD}.Release|Any CPU.ActiveCfg = Release|Any CPU
		{A3098040-260F-4654-80CD-DA606AA7A8CD}.Release|Any CPU.Build.0 = Release|Any CPU
		{51E8A1D2-9754-490B-B526-7D773A06863B}.Debug|Any CPU.ActiveCfg = Debug|Any CPU
		{51E8A1D2-9754-490B-B526-7D773A06863B}.Debug|Any CPU.Build.0 = Debug|Any CPU
		{51E8A1D2-9754-490B-B526-7D773A06863B}.Release|Any CPU.ActiveCfg = Release|Any CPU
		{51E8A1D2-9754-490B-B526-7D773A06863B}.Release|Any CPU.Build.0 = Release|Any CPU
		{55CA58BA-1877-4085-9D4E-C024BABA919C}.Debug|Any CPU.ActiveCfg = Debug|Any CPU
		{55CA58BA-1877-4085-9D4E-C024BABA919C}.Debug|Any CPU.Build.0 = Debug|Any CPU
		{55CA58BA-1877-4085-9D4E-C024BABA919C}.Release|Any CPU.ActiveCfg = Release|Any CPU
		{55CA58BA-1877-4085-9D4E-C024BABA919C}.Release|Any CPU.Build.0 = Release|Any CPU
		{9AC29715-49D4-42BE-9B98-0CF7DFF680A6}.Debug|Any CPU.ActiveCfg = Debug|Any CPU
		{9AC29715-49D4-42BE-9B98-0CF7DFF680A6}.Debug|Any CPU.Build.0 = Debug|Any CPU
		{9AC29715-49D4-42BE-9B98-0CF7DFF680A6}.Release|Any CPU.ActiveCfg = Release|Any CPU
		{9AC29715-49D4-42BE-9B98-0CF7DFF680A6}.Release|Any CPU.Build.0 = Release|Any CPU
		{0E5A15DD-5B63-40C6-AC4A-821A17F06018}.Debug|Any CPU.ActiveCfg = Debug|Any CPU
		{0E5A15DD-5B63-40C6-AC4A-821A17F06018}.Debug|Any CPU.Build.0 = Debug|Any CPU
		{0E5A15DD-5B63-40C6-AC4A-821A17F06018}.Release|Any CPU.ActiveCfg = Release|Any CPU
		{0E5A15DD-5B63-40C6-AC4A-821A17F06018}.Release|Any CPU.Build.0 = Release|Any CPU
		{51C3A044-1A04-4291-84AD-DCDE7183E888}.Debug|Any CPU.ActiveCfg = Debug|Any CPU
		{51C3A044-1A04-4291-84AD-DCDE7183E888}.Debug|Any CPU.Build.0 = Debug|Any CPU
		{51C3A044-1A04-4291-84AD-DCDE7183E888}.Release|Any CPU.ActiveCfg = Release|Any CPU
		{51C3A044-1A04-4291-84AD-DCDE7183E888}.Release|Any CPU.Build.0 = Release|Any CPU
		{5DD4DDA3-EDBF-4DA4-AE28-33ECDE0D0A82}.Debug|Any CPU.ActiveCfg = Debug|Any CPU
		{5DD4DDA3-EDBF-4DA4-AE28-33ECDE0D0A82}.Debug|Any CPU.Build.0 = Debug|Any CPU
		{5DD4DDA3-EDBF-4DA4-AE28-33ECDE0D0A82}.Release|Any CPU.ActiveCfg = Release|Any CPU
		{5DD4DDA3-EDBF-4DA4-AE28-33ECDE0D0A82}.Release|Any CPU.Build.0 = Release|Any CPU
		{1F4A5BE3-CE91-47A5-854C-14FA30BD0F5D}.Debug|Any CPU.ActiveCfg = Debug|Any CPU
		{1F4A5BE3-CE91-47A5-854C-14FA30BD0F5D}.Debug|Any CPU.Build.0 = Debug|Any CPU
		{1F4A5BE3-CE91-47A5-854C-14FA30BD0F5D}.Release|Any CPU.ActiveCfg = Release|Any CPU
		{1F4A5BE3-CE91-47A5-854C-14FA30BD0F5D}.Release|Any CPU.Build.0 = Release|Any CPU
		{41019820-0067-4580-9477-1D74C9988307}.Debug|Any CPU.ActiveCfg = Debug|Any CPU
		{41019820-0067-4580-9477-1D74C9988307}.Debug|Any CPU.Build.0 = Debug|Any CPU
		{41019820-0067-4580-9477-1D74C9988307}.Release|Any CPU.ActiveCfg = Release|Any CPU
		{41019820-0067-4580-9477-1D74C9988307}.Release|Any CPU.Build.0 = Release|Any CPU
		{C50BAFD5-6702-4B90-8927-F1A76F45C62B}.Debug|Any CPU.ActiveCfg = Debug|Any CPU
		{C50BAFD5-6702-4B90-8927-F1A76F45C62B}.Debug|Any CPU.Build.0 = Debug|Any CPU
		{C50BAFD5-6702-4B90-8927-F1A76F45C62B}.Release|Any CPU.ActiveCfg = Release|Any CPU
		{C50BAFD5-6702-4B90-8927-F1A76F45C62B}.Release|Any CPU.Build.0 = Release|Any CPU
		{5CE2DD4E-3F64-4435-81DA-95D69A19DF5D}.Debug|Any CPU.ActiveCfg = Debug|Any CPU
		{5CE2DD4E-3F64-4435-81DA-95D69A19DF5D}.Debug|Any CPU.Build.0 = Debug|Any CPU
		{5CE2DD4E-3F64-4435-81DA-95D69A19DF5D}.Release|Any CPU.ActiveCfg = Release|Any CPU
		{5CE2DD4E-3F64-4435-81DA-95D69A19DF5D}.Release|Any CPU.Build.0 = Release|Any CPU
		{9E55425C-25AF-485A-9CF7-77737D9DE0E9}.Debug|Any CPU.ActiveCfg = Debug|Any CPU
		{9E55425C-25AF-485A-9CF7-77737D9DE0E9}.Debug|Any CPU.Build.0 = Debug|Any CPU
		{9E55425C-25AF-485A-9CF7-77737D9DE0E9}.Release|Any CPU.ActiveCfg = Release|Any CPU
		{9E55425C-25AF-485A-9CF7-77737D9DE0E9}.Release|Any CPU.Build.0 = Release|Any CPU
		{1DFB3AB4-349D-44BC-91EC-45F5E3BB48C0}.Debug|Any CPU.ActiveCfg = Debug|Any CPU
		{1DFB3AB4-349D-44BC-91EC-45F5E3BB48C0}.Debug|Any CPU.Build.0 = Debug|Any CPU
		{1DFB3AB4-349D-44BC-91EC-45F5E3BB48C0}.Release|Any CPU.ActiveCfg = Release|Any CPU
		{1DFB3AB4-349D-44BC-91EC-45F5E3BB48C0}.Release|Any CPU.Build.0 = Release|Any CPU
		{0189C3CF-A7FD-416E-B3EE-02DB6319D514}.Debug|Any CPU.ActiveCfg = Debug|Any CPU
		{0189C3CF-A7FD-416E-B3EE-02DB6319D514}.Debug|Any CPU.Build.0 = Debug|Any CPU
		{0189C3CF-A7FD-416E-B3EE-02DB6319D514}.Release|Any CPU.ActiveCfg = Release|Any CPU
		{0189C3CF-A7FD-416E-B3EE-02DB6319D514}.Release|Any CPU.Build.0 = Release|Any CPU
		{BA153E57-D0D8-40EF-A04A-84D26F0444B4}.Debug|Any CPU.ActiveCfg = Debug|Any CPU
		{BA153E57-D0D8-40EF-A04A-84D26F0444B4}.Debug|Any CPU.Build.0 = Debug|Any CPU
		{BA153E57-D0D8-40EF-A04A-84D26F0444B4}.Release|Any CPU.ActiveCfg = Release|Any CPU
		{BA153E57-D0D8-40EF-A04A-84D26F0444B4}.Release|Any CPU.Build.0 = Release|Any CPU
	EndGlobalSection
	GlobalSection(SolutionProperties) = preSolution
		HideSolutionNode = FALSE
	EndGlobalSection
	GlobalSection(ExtensibilityGlobals) = postSolution
		SolutionGuid = {6600D1DB-AD13-46CF-B566-7F7762B8E01B}
	EndGlobalSection
EndGlobal
